
Microsoft Visual Studio Solution File, Format Version 12.00
# Visual Studio Version 17
VisualStudioVersion = 17.14.36705.20
MinimumVisualStudioVersion = 10.0.40219.1
Project("{2150E333-8FDC-42A3-9474-1A3956D46DE8}") = "services", "services", "{02EA681E-C7D8-13C7-8484-4AC65E1B71E8}"
EndProject
Project("{2150E333-8FDC-42A3-9474-1A3956D46DE8}") = "catalog", "catalog", "{A4AC7AA7-4C69-4F45-90B7-001A31467ACC}"
EndProject
Project("{FAE04EC0-301F-11D3-BF4B-00C04F79EFBC}") = "Catalog.API", "services\catalog\Catalog.API\Catalog.API.csproj", "{784EDC11-F54E-4DDB-8B0A-43162E1D3848}"
EndProject
Project("{FAE04EC0-301F-11D3-BF4B-00C04F79EFBC}") = "Catalog.Application", "services\catalog\Catalog.Application\Catalog.Application.csproj", "{E9E23AE4-9DA6-4050-AABD-E833563D5646}"
EndProject
Project("{FAE04EC0-301F-11D3-BF4B-00C04F79EFBC}") = "Catalog.Core", "services\catalog\Catalog.Core\Catalog.Core.csproj", "{7B781462-AFB3-47A1-B05B-419D0B5DB856}"
EndProject
Project("{FAE04EC0-301F-11D3-BF4B-00C04F79EFBC}") = "Catalog.Infrastructure", "services\catalog\Catalog.Infrastructure\Catalog.Infrastructure.csproj", "{46520F3B-679E-40BE-B196-52109CB685FC}"
EndProject
Project("{E53339B2-1760-4266-BCC7-CA923CBCF16C}") = "docker-compose", "docker-compose.dcproj", "{81DDED9D-158B-E303-5F62-77A2896D2A5A}"
EndProject
Project("{2150E333-8FDC-42A3-9474-1A3956D46DE8}") = "Basket", "Basket", "{AA26FEEC-945A-45FB-99B8-59DDF8AA56E0}"
EndProject
Project("{FAE04EC0-301F-11D3-BF4B-00C04F79EFBC}") = "Basket.API", "services\Basket\Basket.API\Basket.API.csproj", "{42402133-6717-497C-B111-8D76E7960FD3}"
EndProject
Project("{FAE04EC0-301F-11D3-BF4B-00C04F79EFBC}") = "Basket.Application", "services\Basket\Basket.Application\Basket.Application.csproj", "{F966C708-941B-401C-8F4F-9F580AE3C72E}"
EndProject
Project("{FAE04EC0-301F-11D3-BF4B-00C04F79EFBC}") = "Basket.Core", "services\Basket\Basket.Core\Basket.Core.csproj", "{52856074-6DAC-4E59-AD36-9089168DE1DA}"
EndProject
Project("{FAE04EC0-301F-11D3-BF4B-00C04F79EFBC}") = "Basket.Infrastructure", "services\Basket\Basket.Infrastructure\Basket.Infrastructure.csproj", "{AF1656ED-4F36-4185-9100-6DA4322E6ACE}"
EndProject
Project("{2150E333-8FDC-42A3-9474-1A3956D46DE8}") = "Discount", "Discount", "{1588409A-E1BF-4DB8-AF45-926A4B39D9FD}"
EndProject
Project("{FAE04EC0-301F-11D3-BF4B-00C04F79EFBC}") = "Discount.API", "services\Discount\Discount.API\Discount.API.csproj", "{8F00E440-3E94-434E-B233-F3AC1E10EAAB}"
EndProject
Project("{FAE04EC0-301F-11D3-BF4B-00C04F79EFBC}") = "Discount.Application", "services\Discount\Discount.Application\Discount.Application.csproj", "{3A0BDFAB-E6C9-4538-9D09-B83B1DB1E5A2}"
EndProject
Project("{FAE04EC0-301F-11D3-BF4B-00C04F79EFBC}") = "Discount.Infrastructure", "services\Discount\Discount.Infrastructure\Discount.Infrastructure.csproj", "{5E9F00A5-4EC0-4CCB-9F5E-C2BD2EAE2582}"
EndProject
Project("{FAE04EC0-301F-11D3-BF4B-00C04F79EFBC}") = "Discount.Core", "services\Discount\Discount.Core\Discount.Core.csproj", "{5C2F0BC2-16DD-4248-9DA9-4FEB3BF698BF}"
EndProject
Project("{2150E333-8FDC-42A3-9474-1A3956D46DE8}") = "Infrastructure", "Infrastructure", "{025D117D-A0D5-4A59-A24C-A990DE13528D}"
EndProject
Project("{FAE04EC0-301F-11D3-BF4B-00C04F79EFBC}") = "EventBus.Messages", "Infrastructure\EventBus.Messages\EventBus.Messages.csproj", "{BED3A7D9-A196-4E0D-916A-83C79538CB69}"
EndProject
Project("{2150E333-8FDC-42A3-9474-1A3956D46DE8}") = "Ordering", "Ordering", "{E8BAD8DA-922A-4E5B-8730-6383AD93EB8F}"
EndProject
Project("{FAE04EC0-301F-11D3-BF4B-00C04F79EFBC}") = "Ordering.Core", "services\Ordering\Ordering.Core\Ordering.Core.csproj", "{98805466-C395-E30C-6119-74B72AB1FDF7}"
EndProject
Project("{FAE04EC0-301F-11D3-BF4B-00C04F79EFBC}") = "Ordering.Infrastructure", "services\Ordering\Ordering.Infrastructure\Ordering.Infrastructure.csproj", "{8D6331C5-72A6-DEFA-2B59-5F115C5D739E}"
EndProject
Project("{FAE04EC0-301F-11D3-BF4B-00C04F79EFBC}") = "Ordering.API", "services\Ordering\Ordering.API\Ordering.API.csproj", "{F18CBF71-D1A1-6332-2E48-B7E2DBC30EA5}"
EndProject
Project("{FAE04EC0-301F-11D3-BF4B-00C04F79EFBC}") = "Ordering.Application", "services\Ordering\Ordering.Application\Ordering.Application.csproj", "{6E8AD615-B886-71E4-A850-80B639B79D24}"
EndProject
Project("{FAE04EC0-301F-11D3-BF4B-00C04F79EFBC}") = "Common.Logging", "Infrastructure\Common.Logging\Common.Logging.csproj", "{24687EE8-46B5-4A99-B721-10200633C6A2}"
EndProject
Project("{2150E333-8FDC-42A3-9474-1A3956D46DE8}") = "APIGateway", "APIGateway", "{5FEED3D8-C79A-400E-BC10-BA7A17E0B556}"
EndProject
Project("{FAE04EC0-301F-11D3-BF4B-00C04F79EFBC}") = "Ocelot.APIGateway", "APIGateway\Ocelot.APIGateway\Ocelot.APIGateway.csproj", "{AD7C1886-90BD-4D38-AC3A-41B45888CF2E}"
EndProject
Project("{FAE04EC0-301F-11D3-BF4B-00C04F79EFBC}") = "eShop.Identity", "Infrastructure\eShop.Identity\eShop.Identity.csproj", "{2E93840C-4105-D4A8-9D2A-DB7ABC4795E0}"
EndProject
Project("{2150E333-8FDC-42A3-9474-1A3956D46DE8}") = "Nginx", "Nginx", "{D213E82D-A263-4CD2-A563-22D7AC9F3F00}"
	ProjectSection(SolutionItems) = preProject
		APIGateway\Nginx\id-local.conf = APIGateway\Nginx\id-local.conf
		APIGateway\Nginx\id-local.crt = APIGateway\Nginx\id-local.crt
		APIGateway\Nginx\id-local.key = APIGateway\Nginx\id-local.key
		APIGateway\Nginx\nginx.Dockerfile = APIGateway\Nginx\nginx.Dockerfile
		APIGateway\Nginx\nginx.local.conf = APIGateway\Nginx\nginx.local.conf
	EndProjectSection
EndProject
Global
	GlobalSection(SolutionConfigurationPlatforms) = preSolution
		Debug|Any CPU = Debug|Any CPU
		Release|Any CPU = Release|Any CPU
	EndGlobalSection
	GlobalSection(ProjectConfigurationPlatforms) = postSolution
		{784EDC11-F54E-4DDB-8B0A-43162E1D3848}.Debug|Any CPU.ActiveCfg = Debug|Any CPU
		{784EDC11-F54E-4DDB-8B0A-43162E1D3848}.Debug|Any CPU.Build.0 = Debug|Any CPU
		{784EDC11-F54E-4DDB-8B0A-43162E1D3848}.Release|Any CPU.ActiveCfg = Release|Any CPU
		{784EDC11-F54E-4DDB-8B0A-43162E1D3848}.Release|Any CPU.Build.0 = Release|Any CPU
		{E9E23AE4-9DA6-4050-AABD-E833563D5646}.Debug|Any CPU.ActiveCfg = Debug|Any CPU
		{E9E23AE4-9DA6-4050-AABD-E833563D5646}.Debug|Any CPU.Build.0 = Debug|Any CPU
		{E9E23AE4-9DA6-4050-AABD-E833563D5646}.Release|Any CPU.ActiveCfg = Release|Any CPU
		{E9E23AE4-9DA6-4050-AABD-E833563D5646}.Release|Any CPU.Build.0 = Release|Any CPU
		{7B781462-AFB3-47A1-B05B-419D0B5DB856}.Debug|Any CPU.ActiveCfg = Debug|Any CPU
		{7B781462-AFB3-47A1-B05B-419D0B5DB856}.Debug|Any CPU.Build.0 = Debug|Any CPU
		{7B781462-AFB3-47A1-B05B-419D0B5DB856}.Release|Any CPU.ActiveCfg = Release|Any CPU
		{7B781462-AFB3-47A1-B05B-419D0B5DB856}.Release|Any CPU.Build.0 = Release|Any CPU
		{46520F3B-679E-40BE-B196-52109CB685FC}.Debug|Any CPU.ActiveCfg = Debug|Any CPU
		{46520F3B-679E-40BE-B196-52109CB685FC}.Debug|Any CPU.Build.0 = Debug|Any CPU
		{46520F3B-679E-40BE-B196-52109CB685FC}.Release|Any CPU.ActiveCfg = Release|Any CPU
		{46520F3B-679E-40BE-B196-52109CB685FC}.Release|Any CPU.Build.0 = Release|Any CPU
		{81DDED9D-158B-E303-5F62-77A2896D2A5A}.Debug|Any CPU.ActiveCfg = Debug|Any CPU
		{81DDED9D-158B-E303-5F62-77A2896D2A5A}.Debug|Any CPU.Build.0 = Debug|Any CPU
		{81DDED9D-158B-E303-5F62-77A2896D2A5A}.Release|Any CPU.ActiveCfg = Release|Any CPU
		{81DDED9D-158B-E303-5F62-77A2896D2A5A}.Release|Any CPU.Build.0 = Release|Any CPU
		{42402133-6717-497C-B111-8D76E7960FD3}.Debug|Any CPU.ActiveCfg = Debug|Any CPU
		{42402133-6717-497C-B111-8D76E7960FD3}.Debug|Any CPU.Build.0 = Debug|Any CPU
		{42402133-6717-497C-B111-8D76E7960FD3}.Release|Any CPU.ActiveCfg = Release|Any CPU
		{42402133-6717-497C-B111-8D76E7960FD3}.Release|Any CPU.Build.0 = Release|Any CPU
		{F966C708-941B-401C-8F4F-9F580AE3C72E}.Debug|Any CPU.ActiveCfg = Debug|Any CPU
		{F966C708-941B-401C-8F4F-9F580AE3C72E}.Debug|Any CPU.Build.0 = Debug|Any CPU
		{F966C708-941B-401C-8F4F-9F580AE3C72E}.Release|Any CPU.ActiveCfg = Release|Any CPU
		{F966C708-941B-401C-8F4F-9F580AE3C72E}.Release|Any CPU.Build.0 = Release|Any CPU
		{52856074-6DAC-4E59-AD36-9089168DE1DA}.Debug|Any CPU.ActiveCfg = Debug|Any CPU
		{52856074-6DAC-4E59-AD36-9089168DE1DA}.Debug|Any CPU.Build.0 = Debug|Any CPU
		{52856074-6DAC-4E59-AD36-9089168DE1DA}.Release|Any CPU.ActiveCfg = Release|Any CPU
		{52856074-6DAC-4E59-AD36-9089168DE1DA}.Release|Any CPU.Build.0 = Release|Any CPU
		{AF1656ED-4F36-4185-9100-6DA4322E6ACE}.Debug|Any CPU.ActiveCfg = Debug|Any CPU
		{AF1656ED-4F36-4185-9100-6DA4322E6ACE}.Debug|Any CPU.Build.0 = Debug|Any CPU
		{AF1656ED-4F36-4185-9100-6DA4322E6ACE}.Release|Any CPU.ActiveCfg = Release|Any CPU
		{AF1656ED-4F36-4185-9100-6DA4322E6ACE}.Release|Any CPU.Build.0 = Release|Any CPU
		{8F00E440-3E94-434E-B233-F3AC1E10EAAB}.Debug|Any CPU.ActiveCfg = Debug|Any CPU
		{8F00E440-3E94-434E-B233-F3AC1E10EAAB}.Debug|Any CPU.Build.0 = Debug|Any CPU
		{8F00E440-3E94-434E-B233-F3AC1E10EAAB}.Release|Any CPU.ActiveCfg = Release|Any CPU
		{8F00E440-3E94-434E-B233-F3AC1E10EAAB}.Release|Any CPU.Build.0 = Release|Any CPU
		{3A0BDFAB-E6C9-4538-9D09-B83B1DB1E5A2}.Debug|Any CPU.ActiveCfg = Debug|Any CPU
		{3A0BDFAB-E6C9-4538-9D09-B83B1DB1E5A2}.Debug|Any CPU.Build.0 = Debug|Any CPU
		{3A0BDFAB-E6C9-4538-9D09-B83B1DB1E5A2}.Release|Any CPU.ActiveCfg = Release|Any CPU
		{3A0BDFAB-E6C9-4538-9D09-B83B1DB1E5A2}.Release|Any CPU.Build.0 = Release|Any CPU
		{5E9F00A5-4EC0-4CCB-9F5E-C2BD2EAE2582}.Debug|Any CPU.ActiveCfg = Debug|Any CPU
		{5E9F00A5-4EC0-4CCB-9F5E-C2BD2EAE2582}.Debug|Any CPU.Build.0 = Debug|Any CPU
		{5E9F00A5-4EC0-4CCB-9F5E-C2BD2EAE2582}.Release|Any CPU.ActiveCfg = Release|Any CPU
		{5E9F00A5-4EC0-4CCB-9F5E-C2BD2EAE2582}.Release|Any CPU.Build.0 = Release|Any CPU
		{5C2F0BC2-16DD-4248-9DA9-4FEB3BF698BF}.Debug|Any CPU.ActiveCfg = Debug|Any CPU
		{5C2F0BC2-16DD-4248-9DA9-4FEB3BF698BF}.Debug|Any CPU.Build.0 = Debug|Any CPU
		{5C2F0BC2-16DD-4248-9DA9-4FEB3BF698BF}.Release|Any CPU.ActiveCfg = Release|Any CPU
		{5C2F0BC2-16DD-4248-9DA9-4FEB3BF698BF}.Release|Any CPU.Build.0 = Release|Any CPU
		{BED3A7D9-A196-4E0D-916A-83C79538CB69}.Debug|Any CPU.ActiveCfg = Debug|Any CPU
		{BED3A7D9-A196-4E0D-916A-83C79538CB69}.Debug|Any CPU.Build.0 = Debug|Any CPU
		{BED3A7D9-A196-4E0D-916A-83C79538CB69}.Release|Any CPU.ActiveCfg = Release|Any CPU
		{BED3A7D9-A196-4E0D-916A-83C79538CB69}.Release|Any CPU.Build.0 = Release|Any CPU
		{98805466-C395-E30C-6119-74B72AB1FDF7}.Debug|Any CPU.ActiveCfg = Debug|Any CPU
		{98805466-C395-E30C-6119-74B72AB1FDF7}.Debug|Any CPU.Build.0 = Debug|Any CPU
		{98805466-C395-E30C-6119-74B72AB1FDF7}.Release|Any CPU.ActiveCfg = Release|Any CPU
		{98805466-C395-E30C-6119-74B72AB1FDF7}.Release|Any CPU.Build.0 = Release|Any CPU
		{8D6331C5-72A6-DEFA-2B59-5F115C5D739E}.Debug|Any CPU.ActiveCfg = Debug|Any CPU
		{8D6331C5-72A6-DEFA-2B59-5F115C5D739E}.Debug|Any CPU.Build.0 = Debug|Any CPU
		{8D6331C5-72A6-DEFA-2B59-5F115C5D739E}.Release|Any CPU.ActiveCfg = Release|Any CPU
		{8D6331C5-72A6-DEFA-2B59-5F115C5D739E}.Release|Any CPU.Build.0 = Release|Any CPU
		{F18CBF71-D1A1-6332-2E48-B7E2DBC30EA5}.Debug|Any CPU.ActiveCfg = Debug|Any CPU
		{F18CBF71-D1A1-6332-2E48-B7E2DBC30EA5}.Debug|Any CPU.Build.0 = Debug|Any CPU
		{F18CBF71-D1A1-6332-2E48-B7E2DBC30EA5}.Release|Any CPU.ActiveCfg = Release|Any CPU
		{F18CBF71-D1A1-6332-2E48-B7E2DBC30EA5}.Release|Any CPU.Build.0 = Release|Any CPU
		{6E8AD615-B886-71E4-A850-80B639B79D24}.Debug|Any CPU.ActiveCfg = Debug|Any CPU
		{6E8AD615-B886-71E4-A850-80B639B79D24}.Debug|Any CPU.Build.0 = Debug|Any CPU
		{6E8AD615-B886-71E4-A850-80B639B79D24}.Release|Any CPU.ActiveCfg = Release|Any CPU
		{6E8AD615-B886-71E4-A850-80B639B79D24}.Release|Any CPU.Build.0 = Release|Any CPU
		{24687EE8-46B5-4A99-B721-10200633C6A2}.Debug|Any CPU.ActiveCfg = Debug|Any CPU
		{24687EE8-46B5-4A99-B721-10200633C6A2}.Debug|Any CPU.Build.0 = Debug|Any CPU
		{24687EE8-46B5-4A99-B721-10200633C6A2}.Release|Any CPU.ActiveCfg = Release|Any CPU
		{24687EE8-46B5-4A99-B721-10200633C6A2}.Release|Any CPU.Build.0 = Release|Any CPU
		{AD7C1886-90BD-4D38-AC3A-41B45888CF2E}.Debug|Any CPU.ActiveCfg = Debug|Any CPU
		{AD7C1886-90BD-4D38-AC3A-41B45888CF2E}.Debug|Any CPU.Build.0 = Debug|Any CPU
		{AD7C1886-90BD-4D38-AC3A-41B45888CF2E}.Release|Any CPU.ActiveCfg = Release|Any CPU
		{AD7C1886-90BD-4D38-AC3A-41B45888CF2E}.Release|Any CPU.Build.0 = Release|Any CPU
		{2E93840C-4105-D4A8-9D2A-DB7ABC4795E0}.Debug|Any CPU.ActiveCfg = Debug|Any CPU
		{2E93840C-4105-D4A8-9D2A-DB7ABC4795E0}.Debug|Any CPU.Build.0 = Debug|Any CPU
		{2E93840C-4105-D4A8-9D2A-DB7ABC4795E0}.Release|Any CPU.ActiveCfg = Release|Any CPU
		{2E93840C-4105-D4A8-9D2A-DB7ABC4795E0}.Release|Any CPU.Build.0 = Release|Any CPU
	EndGlobalSection
	GlobalSection(SolutionProperties) = preSolution
		HideSolutionNode = FALSE
	EndGlobalSection
	GlobalSection(NestedProjects) = preSolution
		{A4AC7AA7-4C69-4F45-90B7-001A31467ACC} = {02EA681E-C7D8-13C7-8484-4AC65E1B71E8}
		{784EDC11-F54E-4DDB-8B0A-43162E1D3848} = {A4AC7AA7-4C69-4F45-90B7-001A31467ACC}
		{E9E23AE4-9DA6-4050-AABD-E833563D5646} = {A4AC7AA7-4C69-4F45-90B7-001A31467ACC}
		{7B781462-AFB3-47A1-B05B-419D0B5DB856} = {A4AC7AA7-4C69-4F45-90B7-001A31467ACC}
		{46520F3B-679E-40BE-B196-52109CB685FC} = {A4AC7AA7-4C69-4F45-90B7-001A31467ACC}
		{AA26FEEC-945A-45FB-99B8-59DDF8AA56E0} = {02EA681E-C7D8-13C7-8484-4AC65E1B71E8}
		{42402133-6717-497C-B111-8D76E7960FD3} = {AA26FEEC-945A-45FB-99B8-59DDF8AA56E0}
		{F966C708-941B-401C-8F4F-9F580AE3C72E} = {AA26FEEC-945A-45FB-99B8-59DDF8AA56E0}
		{52856074-6DAC-4E59-AD36-9089168DE1DA} = {AA26FEEC-945A-45FB-99B8-59DDF8AA56E0}
		{AF1656ED-4F36-4185-9100-6DA4322E6ACE} = {AA26FEEC-945A-45FB-99B8-59DDF8AA56E0}
		{1588409A-E1BF-4DB8-AF45-926A4B39D9FD} = {02EA681E-C7D8-13C7-8484-4AC65E1B71E8}
		{8F00E440-3E94-434E-B233-F3AC1E10EAAB} = {1588409A-E1BF-4DB8-AF45-926A4B39D9FD}
		{3A0BDFAB-E6C9-4538-9D09-B83B1DB1E5A2} = {1588409A-E1BF-4DB8-AF45-926A4B39D9FD}
		{5E9F00A5-4EC0-4CCB-9F5E-C2BD2EAE2582} = {1588409A-E1BF-4DB8-AF45-926A4B39D9FD}
		{5C2F0BC2-16DD-4248-9DA9-4FEB3BF698BF} = {1588409A-E1BF-4DB8-AF45-926A4B39D9FD}
		{BED3A7D9-A196-4E0D-916A-83C79538CB69} = {025D117D-A0D5-4A59-A24C-A990DE13528D}
		{E8BAD8DA-922A-4E5B-8730-6383AD93EB8F} = {02EA681E-C7D8-13C7-8484-4AC65E1B71E8}
		{98805466-C395-E30C-6119-74B72AB1FDF7} = {E8BAD8DA-922A-4E5B-8730-6383AD93EB8F}
		{8D6331C5-72A6-DEFA-2B59-5F115C5D739E} = {E8BAD8DA-922A-4E5B-8730-6383AD93EB8F}
		{F18CBF71-D1A1-6332-2E48-B7E2DBC30EA5} = {E8BAD8DA-922A-4E5B-8730-6383AD93EB8F}
		{6E8AD615-B886-71E4-A850-80B639B79D24} = {E8BAD8DA-922A-4E5B-8730-6383AD93EB8F}
		{24687EE8-46B5-4A99-B721-10200633C6A2} = {025D117D-A0D5-4A59-A24C-A990DE13528D}
		{AD7C1886-90BD-4D38-AC3A-41B45888CF2E} = {5FEED3D8-C79A-400E-BC10-BA7A17E0B556}
		{2E93840C-4105-D4A8-9D2A-DB7ABC4795E0} = {025D117D-A0D5-4A59-A24C-A990DE13528D}
		{D213E82D-A263-4CD2-A563-22D7AC9F3F00} = {5FEED3D8-C79A-400E-BC10-BA7A17E0B556}
	EndGlobalSection
	GlobalSection(ExtensibilityGlobals) = postSolution
		SolutionGuid = {797241E7-F068-448F-A6F5-8CEE137CAD1D}
	EndGlobalSection
EndGlobal
